
Microsoft Visual Studio Solution File, Format Version 12.00
# Visual Studio Version 17
VisualStudioVersion = 17.2.32630.192
MinimumVisualStudioVersion = 10.0.40219.1
Project("{9A19103F-16F7-4668-BE54-9A1E7A4F7556}") = "D8S.E0012", "D8S.E0012\D8S.E0012.csproj", "{144AC7A1-9E43-4464-B555-B2E7366D5713}"
EndProject
Project("{2150E333-8FDC-42A3-9474-1A3956D46DE8}") = "_Dependencies", "_Dependencies", "{7B063D73-A88F-49E8-A17D-9DE48F81BC31}"
EndProject
Project("{9A19103F-16F7-4668-BE54-9A1E7A4F7556}") = "R5T.T0141", "..\..\..\SafetyCone\R5T.T0141\source\R5T.T0141\R5T.T0141.csproj", "{A2D54AD7-17CE-4220-9BDC-9E4A31D3659C}"
EndProject
Project("{9A19103F-16F7-4668-BE54-9A1E7A4F7556}") = "R5T.T0143", "..\..\..\SafetyCone\R5T.T0143\source\R5T.T0143\R5T.T0143.csproj", "{D4A475B3-D2C6-49E1-8180-54C670A6C3CF}"
EndProject
Project("{9A19103F-16F7-4668-BE54-9A1E7A4F7556}") = "R5T.T0132", "..\..\..\SafetyCone\R5T.T0132\source\R5T.T0132\R5T.T0132.csproj", "{26A86CC7-B17B-47E8-97FF-7DED2ACB431F}"
EndProject
Global
	GlobalSection(NestedProjects) = preSolution
		{A2D54AD7-17CE-4220-9BDC-9E4A31D3659C} = {7B063D73-A88F-49E8-A17D-9DE48F81BC31}
		{D4A475B3-D2C6-49E1-8180-54C670A6C3CF} = {7B063D73-A88F-49E8-A17D-9DE48F81BC31}
		{26A86CC7-B17B-47E8-97FF-7DED2ACB431F} = {7B063D73-A88F-49E8-A17D-9DE48F81BC31}
	EndGlobalSection
	GlobalSection(SolutionConfigurationPlatforms) = preSolution
		Debug|Any CPU = Debug|Any CPU
		Release|Any CPU = Release|Any CPU
	EndGlobalSection
	GlobalSection(ProjectConfigurationPlatforms) = postSolution
		{144AC7A1-9E43-4464-B555-B2E7366D5713}.Debug|Any CPU.ActiveCfg = Debug|Any CPU
		{144AC7A1-9E43-4464-B555-B2E7366D5713}.Debug|Any CPU.Build.0 = Debug|Any CPU
		{144AC7A1-9E43-4464-B555-B2E7366D5713}.Release|Any CPU.ActiveCfg = Release|Any CPU
		{144AC7A1-9E43-4464-B555-B2E7366D5713}.Release|Any CPU.Build.0 = Release|Any CPU
		{A2D54AD7-17CE-4220-9BDC-9E4A31D3659C}.Debug|Any CPU.ActiveCfg = Debug|Any CPU
		{A2D54AD7-17CE-4220-9BDC-9E4A31D3659C}.Debug|Any CPU.Build.0 = Debug|Any CPU
		{A2D54AD7-17CE-4220-9BDC-9E4A31D3659C}.Release|Any CPU.ActiveCfg = Release|Any CPU
		{A2D54AD7-17CE-4220-9BDC-9E4A31D3659C}.Release|Any CPU.Build.0 = Release|Any CPU
		{D4A475B3-D2C6-49E1-8180-54C670A6C3CF}.Debug|Any CPU.ActiveCfg = Debug|Any CPU
		{D4A475B3-D2C6-49E1-8180-54C670A6C3CF}.Debug|Any CPU.Build.0 = Debug|Any CPU
		{D4A475B3-D2C6-49E1-8180-54C670A6C3CF}.Release|Any CPU.ActiveCfg = Release|Any CPU
		{D4A475B3-D2C6-49E1-8180-54C670A6C3CF}.Release|Any CPU.Build.0 = Release|Any CPU
		{26A86CC7-B17B-47E8-97FF-7DED2ACB431F}.Debug|Any CPU.ActiveCfg = Debug|Any CPU
		{26A86CC7-B17B-47E8-97FF-7DED2ACB431F}.Debug|Any CPU.Build.0 = Debug|Any CPU
		{26A86CC7-B17B-47E8-97FF-7DED2ACB431F}.Release|Any CPU.ActiveCfg = Release|Any CPU
		{26A86CC7-B17B-47E8-97FF-7DED2ACB431F}.Release|Any CPU.Build.0 = Release|Any CPU
	EndGlobalSection
	GlobalSection(SolutionProperties) = preSolution
		HideSolutionNode = FALSE
	EndGlobalSection
	GlobalSection(ExtensibilityGlobals) = postSolution
		SolutionGuid = {27D62FC3-43F6-467C-AB8E-B554F10C065A}
	EndGlobalSection
EndGlobal
